// !$*UTF8*$!
{
	archiveVersion = 1;
	classes = {
	};
	objectVersion = 56;
	objects = {

/* Begin PBXBuildFile section */
		ED0AE7C12937E5910091EE70 /* OTUSHomeworksApp.swift in Sources */ = {isa = PBXBuildFile; fileRef = ED0AE7C02937E5910091EE70 /* OTUSHomeworksApp.swift */; };
		ED0AE7C32937E5910091EE70 /* ContentView.swift in Sources */ = {isa = PBXBuildFile; fileRef = ED0AE7C22937E5910091EE70 /* ContentView.swift */; };
		ED0AE7C52937E5930091EE70 /* Assets.xcassets in Resources */ = {isa = PBXBuildFile; fileRef = ED0AE7C42937E5930091EE70 /* Assets.xcassets */; };
		ED0AE7C82937E5930091EE70 /* Preview Assets.xcassets in Resources */ = {isa = PBXBuildFile; fileRef = ED0AE7C72937E5930091EE70 /* Preview Assets.xcassets */; };
		ED2BF4CA2951F1B300192B77 /* PersonViewScreen.swift in Sources */ = {isa = PBXBuildFile; fileRef = ED2BF4C92951F1B300192B77 /* PersonViewScreen.swift */; };
		ED2BF4CC2951F1C000192B77 /* PersonViewModel.swift in Sources */ = {isa = PBXBuildFile; fileRef = ED2BF4CB2951F1C000192B77 /* PersonViewModel.swift */; };
		ED2BF4CE2951FD5600192B77 /* ViewModelLoadState.swift in Sources */ = {isa = PBXBuildFile; fileRef = ED2BF4CD2951FD5600192B77 /* ViewModelLoadState.swift */; };
		ED2BF4D02951FF8500192B77 /* ViewMapper.swift in Sources */ = {isa = PBXBuildFile; fileRef = ED2BF4CF2951FF8500192B77 /* ViewMapper.swift */; };
		ED2BF4D229520A5800192B77 /* FilmViewScreen.swift in Sources */ = {isa = PBXBuildFile; fileRef = ED2BF4D129520A5800192B77 /* FilmViewScreen.swift */; };
		ED2BF4D429520E6800192B77 /* StarshipViewScreen.swift in Sources */ = {isa = PBXBuildFile; fileRef = ED2BF4D329520E6800192B77 /* StarshipViewScreen.swift */; };
		ED2BF4D629520F0600192B77 /* PlanetViewScreen.swift in Sources */ = {isa = PBXBuildFile; fileRef = ED2BF4D529520F0600192B77 /* PlanetViewScreen.swift */; };
		ED2BF4D829520F7000192B77 /* VehicleViewScreen.swift in Sources */ = {isa = PBXBuildFile; fileRef = ED2BF4D729520F7000192B77 /* VehicleViewScreen.swift */; };
		ED2BF4DA295227C100192B77 /* FilmViewModel.swift in Sources */ = {isa = PBXBuildFile; fileRef = ED2BF4D9295227C100192B77 /* FilmViewModel.swift */; };
		ED2BF4DC29522F9000192B77 /* SpecieViewScreen.swift in Sources */ = {isa = PBXBuildFile; fileRef = ED2BF4DB29522F9000192B77 /* SpecieViewScreen.swift */; };
		ED2BF4DE295232B400192B77 /* StarshipViewModel.swift in Sources */ = {isa = PBXBuildFile; fileRef = ED2BF4DD295232B400192B77 /* StarshipViewModel.swift */; };
		ED2BF4E02952380700192B77 /* PlanetViewModel.swift in Sources */ = {isa = PBXBuildFile; fileRef = ED2BF4DF2952380700192B77 /* PlanetViewModel.swift */; };
		ED2BF4E229523AE000192B77 /* SpecieViewModel.swift in Sources */ = {isa = PBXBuildFile; fileRef = ED2BF4E129523AE000192B77 /* SpecieViewModel.swift */; };
		ED2BF4E429523EF400192B77 /* VehicleViewModel.swift in Sources */ = {isa = PBXBuildFile; fileRef = ED2BF4E329523EF400192B77 /* VehicleViewModel.swift */; };
		EDE4C3A829509E7B00F5D106 /* ListViewScreen.swift in Sources */ = {isa = PBXBuildFile; fileRef = EDE4C3A729509E7B00F5D106 /* ListViewScreen.swift */; };
		EDE4C3AA2950AA9900F5D106 /* ListViewModel.swift in Sources */ = {isa = PBXBuildFile; fileRef = EDE4C3A92950AA9900F5D106 /* ListViewModel.swift */; };
		EDE4C3AC2950AF1900F5D106 /* ListModelProtocol.swift in Sources */ = {isa = PBXBuildFile; fileRef = EDE4C3AB2950AF1900F5D106 /* ListModelProtocol.swift */; };
		EDE4C3B12950DFA400F5D106 /* ModelProtocol.swift in Sources */ = {isa = PBXBuildFile; fileRef = EDE4C3B02950DFA400F5D106 /* ModelProtocol.swift */; };
		EDE4C3B42950ECDD00F5D106 /* Collections+Extensions.swift in Sources */ = {isa = PBXBuildFile; fileRef = EDE4C3B32950ECDD00F5D106 /* Collections+Extensions.swift */; };
		EDE6DAFA294F42B6009A00AD /* CustomNavigationStack.swift in Sources */ = {isa = PBXBuildFile; fileRef = EDE6DAF9294F42B6009A00AD /* CustomNavigationStack.swift */; };
		EDE6DB00294F7DDF009A00AD /* Person.swift in Sources */ = {isa = PBXBuildFile; fileRef = EDE6DAFF294F7DDF009A00AD /* Person.swift */; };
		EDE6DB02294F8150009A00AD /* Film.swift in Sources */ = {isa = PBXBuildFile; fileRef = EDE6DB01294F8150009A00AD /* Film.swift */; };
		EDE6DB04294F823B009A00AD /* Starship.swift in Sources */ = {isa = PBXBuildFile; fileRef = EDE6DB03294F823B009A00AD /* Starship.swift */; };
		EDE6DB06294F82E8009A00AD /* Vehicle.swift in Sources */ = {isa = PBXBuildFile; fileRef = EDE6DB05294F82E8009A00AD /* Vehicle.swift */; };
		EDE6DB08294F8321009A00AD /* Specie.swift in Sources */ = {isa = PBXBuildFile; fileRef = EDE6DB07294F8321009A00AD /* Specie.swift */; };
		EDE6DB0A294F834F009A00AD /* Planet.swift in Sources */ = {isa = PBXBuildFile; fileRef = EDE6DB09294F834F009A00AD /* Planet.swift */; };
		EDE6DB0C294F83FD009A00AD /* SWAPI.swift in Sources */ = {isa = PBXBuildFile; fileRef = EDE6DB0B294F83FD009A00AD /* SWAPI.swift */; };
/* End PBXBuildFile section */

/* Begin PBXFileReference section */
		ED0AE7BD2937E5910091EE70 /* OTUSHomeworks.app */ = {isa = PBXFileReference; explicitFileType = wrapper.application; includeInIndex = 0; path = OTUSHomeworks.app; sourceTree = BUILT_PRODUCTS_DIR; };
		ED0AE7C02937E5910091EE70 /* OTUSHomeworksApp.swift */ = {isa = PBXFileReference; lastKnownFileType = sourcecode.swift; path = OTUSHomeworksApp.swift; sourceTree = "<group>"; };
		ED0AE7C22937E5910091EE70 /* ContentView.swift */ = {isa = PBXFileReference; lastKnownFileType = sourcecode.swift; path = ContentView.swift; sourceTree = "<group>"; };
		ED0AE7C42937E5930091EE70 /* Assets.xcassets */ = {isa = PBXFileReference; lastKnownFileType = folder.assetcatalog; path = Assets.xcassets; sourceTree = "<group>"; };
		ED0AE7C72937E5930091EE70 /* Preview Assets.xcassets */ = {isa = PBXFileReference; lastKnownFileType = folder.assetcatalog; path = "Preview Assets.xcassets"; sourceTree = "<group>"; };
		ED2BF4C92951F1B300192B77 /* PersonViewScreen.swift */ = {isa = PBXFileReference; lastKnownFileType = sourcecode.swift; path = PersonViewScreen.swift; sourceTree = "<group>"; };
		ED2BF4CB2951F1C000192B77 /* PersonViewModel.swift */ = {isa = PBXFileReference; lastKnownFileType = sourcecode.swift; path = PersonViewModel.swift; sourceTree = "<group>"; };
		ED2BF4CD2951FD5600192B77 /* ViewModelLoadState.swift */ = {isa = PBXFileReference; lastKnownFileType = sourcecode.swift; path = ViewModelLoadState.swift; sourceTree = "<group>"; };
		ED2BF4CF2951FF8500192B77 /* ViewMapper.swift */ = {isa = PBXFileReference; lastKnownFileType = sourcecode.swift; path = ViewMapper.swift; sourceTree = "<group>"; };
		ED2BF4D129520A5800192B77 /* FilmViewScreen.swift */ = {isa = PBXFileReference; lastKnownFileType = sourcecode.swift; path = FilmViewScreen.swift; sourceTree = "<group>"; };
		ED2BF4D329520E6800192B77 /* StarshipViewScreen.swift */ = {isa = PBXFileReference; lastKnownFileType = sourcecode.swift; path = StarshipViewScreen.swift; sourceTree = "<group>"; };
		ED2BF4D529520F0600192B77 /* PlanetViewScreen.swift */ = {isa = PBXFileReference; lastKnownFileType = sourcecode.swift; path = PlanetViewScreen.swift; sourceTree = "<group>"; };
		ED2BF4D729520F7000192B77 /* VehicleViewScreen.swift */ = {isa = PBXFileReference; lastKnownFileType = sourcecode.swift; path = VehicleViewScreen.swift; sourceTree = "<group>"; };
		ED2BF4D9295227C100192B77 /* FilmViewModel.swift */ = {isa = PBXFileReference; lastKnownFileType = sourcecode.swift; path = FilmViewModel.swift; sourceTree = "<group>"; };
		ED2BF4DB29522F9000192B77 /* SpecieViewScreen.swift */ = {isa = PBXFileReference; lastKnownFileType = sourcecode.swift; path = SpecieViewScreen.swift; sourceTree = "<group>"; };
		ED2BF4DD295232B400192B77 /* StarshipViewModel.swift */ = {isa = PBXFileReference; lastKnownFileType = sourcecode.swift; path = StarshipViewModel.swift; sourceTree = "<group>"; };
		ED2BF4DF2952380700192B77 /* PlanetViewModel.swift */ = {isa = PBXFileReference; lastKnownFileType = sourcecode.swift; path = PlanetViewModel.swift; sourceTree = "<group>"; };
		ED2BF4E129523AE000192B77 /* SpecieViewModel.swift */ = {isa = PBXFileReference; lastKnownFileType = sourcecode.swift; path = SpecieViewModel.swift; sourceTree = "<group>"; };
		ED2BF4E329523EF400192B77 /* VehicleViewModel.swift */ = {isa = PBXFileReference; lastKnownFileType = sourcecode.swift; path = VehicleViewModel.swift; sourceTree = "<group>"; };
		EDE4C3A729509E7B00F5D106 /* ListViewScreen.swift */ = {isa = PBXFileReference; lastKnownFileType = sourcecode.swift; path = ListViewScreen.swift; sourceTree = "<group>"; };
		EDE4C3A92950AA9900F5D106 /* ListViewModel.swift */ = {isa = PBXFileReference; lastKnownFileType = sourcecode.swift; path = ListViewModel.swift; sourceTree = "<group>"; };
		EDE4C3AB2950AF1900F5D106 /* ListModelProtocol.swift */ = {isa = PBXFileReference; lastKnownFileType = sourcecode.swift; path = ListModelProtocol.swift; sourceTree = "<group>"; };
		EDE4C3B02950DFA400F5D106 /* ModelProtocol.swift */ = {isa = PBXFileReference; lastKnownFileType = sourcecode.swift; path = ModelProtocol.swift; sourceTree = "<group>"; };
		EDE4C3B32950ECDD00F5D106 /* Collections+Extensions.swift */ = {isa = PBXFileReference; lastKnownFileType = sourcecode.swift; path = "Collections+Extensions.swift"; sourceTree = "<group>"; };
		EDE6DAF9294F42B6009A00AD /* CustomNavigationStack.swift */ = {isa = PBXFileReference; lastKnownFileType = sourcecode.swift; path = CustomNavigationStack.swift; sourceTree = "<group>"; };
		EDE6DAFF294F7DDF009A00AD /* Person.swift */ = {isa = PBXFileReference; lastKnownFileType = sourcecode.swift; path = Person.swift; sourceTree = "<group>"; };
		EDE6DB01294F8150009A00AD /* Film.swift */ = {isa = PBXFileReference; lastKnownFileType = sourcecode.swift; path = Film.swift; sourceTree = "<group>"; };
		EDE6DB03294F823B009A00AD /* Starship.swift */ = {isa = PBXFileReference; lastKnownFileType = sourcecode.swift; path = Starship.swift; sourceTree = "<group>"; };
		EDE6DB05294F82E8009A00AD /* Vehicle.swift */ = {isa = PBXFileReference; lastKnownFileType = sourcecode.swift; path = Vehicle.swift; sourceTree = "<group>"; };
		EDE6DB07294F8321009A00AD /* Specie.swift */ = {isa = PBXFileReference; lastKnownFileType = sourcecode.swift; path = Specie.swift; sourceTree = "<group>"; };
		EDE6DB09294F834F009A00AD /* Planet.swift */ = {isa = PBXFileReference; lastKnownFileType = sourcecode.swift; path = Planet.swift; sourceTree = "<group>"; };
		EDE6DB0B294F83FD009A00AD /* SWAPI.swift */ = {isa = PBXFileReference; lastKnownFileType = sourcecode.swift; path = SWAPI.swift; sourceTree = "<group>"; };
/* End PBXFileReference section */

/* Begin PBXFrameworksBuildPhase section */
		ED0AE7BA2937E5910091EE70 /* Frameworks */ = {
			isa = PBXFrameworksBuildPhase;
			buildActionMask = 2147483647;
			files = (
			);
			runOnlyForDeploymentPostprocessing = 0;
		};
/* End PBXFrameworksBuildPhase section */

/* Begin PBXGroup section */
		ED0AE7B42937E5910091EE70 = {
			isa = PBXGroup;
			children = (
				ED0AE7BF2937E5910091EE70 /* OTUSHomeworks */,
				ED0AE7BE2937E5910091EE70 /* Products */,
			);
			sourceTree = "<group>";
		};
		ED0AE7BE2937E5910091EE70 /* Products */ = {
			isa = PBXGroup;
			children = (
				ED0AE7BD2937E5910091EE70 /* OTUSHomeworks.app */,
			);
			name = Products;
			sourceTree = "<group>";
		};
		ED0AE7BF2937E5910091EE70 /* OTUSHomeworks */ = {
			isa = PBXGroup;
			children = (
				EDE4C3B22950ECAA00F5D106 /* Utils */,
				EDE4C3A629509D8500F5D106 /* Views */,
				EDE6DB0E294F98FB009A00AD /* ViewModels */,
				EDE6DAFD294F70FB009A00AD /* Network */,
				EDE6DAF8294F428F009A00AD /* Navigation */,
				ED0AE7C02937E5910091EE70 /* OTUSHomeworksApp.swift */,
				ED0AE7C22937E5910091EE70 /* ContentView.swift */,
				ED0AE7C42937E5930091EE70 /* Assets.xcassets */,
				ED0AE7C62937E5930091EE70 /* Preview Content */,
			);
			path = OTUSHomeworks;
			sourceTree = "<group>";
		};
		ED0AE7C62937E5930091EE70 /* Preview Content */ = {
			isa = PBXGroup;
			children = (
				ED0AE7C72937E5930091EE70 /* Preview Assets.xcassets */,
			);
			path = "Preview Content";
			sourceTree = "<group>";
		};
		EDE4C3A629509D8500F5D106 /* Views */ = {
			isa = PBXGroup;
			children = (
				EDE4C3A729509E7B00F5D106 /* ListViewScreen.swift */,
				ED2BF4C92951F1B300192B77 /* PersonViewScreen.swift */,
				ED2BF4CF2951FF8500192B77 /* ViewMapper.swift */,
				ED2BF4D129520A5800192B77 /* FilmViewScreen.swift */,
				ED2BF4D329520E6800192B77 /* StarshipViewScreen.swift */,
				ED2BF4D529520F0600192B77 /* PlanetViewScreen.swift */,
				ED2BF4D729520F7000192B77 /* VehicleViewScreen.swift */,
				ED2BF4DB29522F9000192B77 /* SpecieViewScreen.swift */,
			);
			path = Views;
			sourceTree = "<group>";
		};
		EDE4C3B22950ECAA00F5D106 /* Utils */ = {
			isa = PBXGroup;
			children = (
				EDE4C3B32950ECDD00F5D106 /* Collections+Extensions.swift */,
			);
			path = Utils;
			sourceTree = "<group>";
		};
		EDE6DAF8294F428F009A00AD /* Navigation */ = {
			isa = PBXGroup;
			children = (
				EDE6DAF9294F42B6009A00AD /* CustomNavigationStack.swift */,
			);
			path = Navigation;
			sourceTree = "<group>";
		};
		EDE6DAFD294F70FB009A00AD /* Network */ = {
			isa = PBXGroup;
			children = (
				EDE6DB0D294F847F009A00AD /* API */,
				EDE6DAFE294F7DC5009A00AD /* Models */,
			);
			path = Network;
			sourceTree = "<group>";
		};
		EDE6DAFE294F7DC5009A00AD /* Models */ = {
			isa = PBXGroup;
			children = (
				EDE6DAFF294F7DDF009A00AD /* Person.swift */,
				EDE6DB01294F8150009A00AD /* Film.swift */,
				EDE6DB03294F823B009A00AD /* Starship.swift */,
				EDE6DB05294F82E8009A00AD /* Vehicle.swift */,
				EDE6DB07294F8321009A00AD /* Specie.swift */,
				EDE6DB09294F834F009A00AD /* Planet.swift */,
				EDE4C3AB2950AF1900F5D106 /* ListModelProtocol.swift */,
				EDE4C3B02950DFA400F5D106 /* ModelProtocol.swift */,
			);
			path = Models;
			sourceTree = "<group>";
		};
		EDE6DB0D294F847F009A00AD /* API */ = {
			isa = PBXGroup;
			children = (
				EDE6DB0B294F83FD009A00AD /* SWAPI.swift */,
			);
			path = API;
			sourceTree = "<group>";
		};
		EDE6DB0E294F98FB009A00AD /* ViewModels */ = {
			isa = PBXGroup;
			children = (
				EDE4C3A92950AA9900F5D106 /* ListViewModel.swift */,
				ED2BF4CB2951F1C000192B77 /* PersonViewModel.swift */,
				ED2BF4CD2951FD5600192B77 /* ViewModelLoadState.swift */,
				ED2BF4D9295227C100192B77 /* FilmViewModel.swift */,
				ED2BF4DD295232B400192B77 /* StarshipViewModel.swift */,
				ED2BF4DF2952380700192B77 /* PlanetViewModel.swift */,
				ED2BF4E129523AE000192B77 /* SpecieViewModel.swift */,
				ED2BF4E329523EF400192B77 /* VehicleViewModel.swift */,
			);
			path = ViewModels;
			sourceTree = "<group>";
		};
/* End PBXGroup section */

/* Begin PBXNativeTarget section */
		ED0AE7BC2937E5910091EE70 /* OTUSHomeworks */ = {
			isa = PBXNativeTarget;
			buildConfigurationList = ED0AE7CB2937E5930091EE70 /* Build configuration list for PBXNativeTarget "OTUSHomeworks" */;
			buildPhases = (
				ED0AE7B92937E5910091EE70 /* Sources */,
				ED0AE7BA2937E5910091EE70 /* Frameworks */,
				ED0AE7BB2937E5910091EE70 /* Resources */,
			);
			buildRules = (
			);
			dependencies = (
			);
			name = OTUSHomeworks;
			productName = OTUSHomeworks;
			productReference = ED0AE7BD2937E5910091EE70 /* OTUSHomeworks.app */;
			productType = "com.apple.product-type.application";
		};
/* End PBXNativeTarget section */

/* Begin PBXProject section */
		ED0AE7B52937E5910091EE70 /* Project object */ = {
			isa = PBXProject;
			attributes = {
				BuildIndependentTargetsInParallel = 1;
				LastSwiftUpdateCheck = 1410;
				LastUpgradeCheck = 1410;
				TargetAttributes = {
					ED0AE7BC2937E5910091EE70 = {
						CreatedOnToolsVersion = 14.1;
					};
				};
			};
			buildConfigurationList = ED0AE7B82937E5910091EE70 /* Build configuration list for PBXProject "OTUSHomeworks" */;
			compatibilityVersion = "Xcode 14.0";
			developmentRegion = en;
			hasScannedForEncodings = 0;
			knownRegions = (
				en,
				Base,
			);
			mainGroup = ED0AE7B42937E5910091EE70;
			productRefGroup = ED0AE7BE2937E5910091EE70 /* Products */;
			projectDirPath = "";
			projectRoot = "";
			targets = (
				ED0AE7BC2937E5910091EE70 /* OTUSHomeworks */,
			);
		};
/* End PBXProject section */

/* Begin PBXResourcesBuildPhase section */
		ED0AE7BB2937E5910091EE70 /* Resources */ = {
			isa = PBXResourcesBuildPhase;
			buildActionMask = 2147483647;
			files = (
				ED0AE7C82937E5930091EE70 /* Preview Assets.xcassets in Resources */,
				ED0AE7C52937E5930091EE70 /* Assets.xcassets in Resources */,
			);
			runOnlyForDeploymentPostprocessing = 0;
		};
/* End PBXResourcesBuildPhase section */

/* Begin PBXSourcesBuildPhase section */
		ED0AE7B92937E5910091EE70 /* Sources */ = {
			isa = PBXSourcesBuildPhase;
			buildActionMask = 2147483647;
			files = (
				EDE4C3AC2950AF1900F5D106 /* ListModelProtocol.swift in Sources */,
				EDE4C3A829509E7B00F5D106 /* ListViewScreen.swift in Sources */,
				ED2BF4D629520F0600192B77 /* PlanetViewScreen.swift in Sources */,
				EDE6DB02294F8150009A00AD /* Film.swift in Sources */,
				ED2BF4CA2951F1B300192B77 /* PersonViewScreen.swift in Sources */,
				ED2BF4CC2951F1C000192B77 /* PersonViewModel.swift in Sources */,
				EDE6DB00294F7DDF009A00AD /* Person.swift in Sources */,
				EDE4C3AA2950AA9900F5D106 /* ListViewModel.swift in Sources */,
				ED2BF4D02951FF8500192B77 /* ViewMapper.swift in Sources */,
				EDE4C3B12950DFA400F5D106 /* ModelProtocol.swift in Sources */,
				EDE6DB0C294F83FD009A00AD /* SWAPI.swift in Sources */,
				ED0AE7C32937E5910091EE70 /* ContentView.swift in Sources */,
				EDE6DB04294F823B009A00AD /* Starship.swift in Sources */,
				ED2BF4E229523AE000192B77 /* SpecieViewModel.swift in Sources */,
				EDE4C3B42950ECDD00F5D106 /* Collections+Extensions.swift in Sources */,
				EDE6DB08294F8321009A00AD /* Specie.swift in Sources */,
				ED2BF4E429523EF400192B77 /* VehicleViewModel.swift in Sources */,
				EDE6DB06294F82E8009A00AD /* Vehicle.swift in Sources */,
				ED2BF4D829520F7000192B77 /* VehicleViewScreen.swift in Sources */,
				ED0AE7C12937E5910091EE70 /* OTUSHomeworksApp.swift in Sources */,
				ED2BF4DE295232B400192B77 /* StarshipViewModel.swift in Sources */,
				ED2BF4E02952380700192B77 /* PlanetViewModel.swift in Sources */,
				ED2BF4DA295227C100192B77 /* FilmViewModel.swift in Sources */,
				ED2BF4DC29522F9000192B77 /* SpecieViewScreen.swift in Sources */,
				EDE6DAFA294F42B6009A00AD /* CustomNavigationStack.swift in Sources */,
				ED2BF4CE2951FD5600192B77 /* ViewModelLoadState.swift in Sources */,
				ED2BF4D429520E6800192B77 /* StarshipViewScreen.swift in Sources */,
				ED2BF4D229520A5800192B77 /* FilmViewScreen.swift in Sources */,
				EDE6DB0A294F834F009A00AD /* Planet.swift in Sources */,
			);
			runOnlyForDeploymentPostprocessing = 0;
		};
/* End PBXSourcesBuildPhase section */

/* Begin XCBuildConfiguration section */
		ED0AE7C92937E5930091EE70 /* Debug */ = {
			isa = XCBuildConfiguration;
			buildSettings = {
				ALWAYS_SEARCH_USER_PATHS = NO;
				CLANG_ANALYZER_NONNULL = YES;
				CLANG_ANALYZER_NUMBER_OBJECT_CONVERSION = YES_AGGRESSIVE;
				CLANG_CXX_LANGUAGE_STANDARD = "gnu++20";
				CLANG_ENABLE_MODULES = YES;
				CLANG_ENABLE_OBJC_ARC = YES;
				CLANG_ENABLE_OBJC_WEAK = YES;
				CLANG_WARN_BLOCK_CAPTURE_AUTORELEASING = YES;
				CLANG_WARN_BOOL_CONVERSION = YES;
				CLANG_WARN_COMMA = YES;
				CLANG_WARN_CONSTANT_CONVERSION = YES;
				CLANG_WARN_DEPRECATED_OBJC_IMPLEMENTATIONS = YES;
				CLANG_WARN_DIRECT_OBJC_ISA_USAGE = YES_ERROR;
				CLANG_WARN_DOCUMENTATION_COMMENTS = YES;
				CLANG_WARN_EMPTY_BODY = YES;
				CLANG_WARN_ENUM_CONVERSION = YES;
				CLANG_WARN_INFINITE_RECURSION = YES;
				CLANG_WARN_INT_CONVERSION = YES;
				CLANG_WARN_NON_LITERAL_NULL_CONVERSION = YES;
				CLANG_WARN_OBJC_IMPLICIT_RETAIN_SELF = YES;
				CLANG_WARN_OBJC_LITERAL_CONVERSION = YES;
				CLANG_WARN_OBJC_ROOT_CLASS = YES_ERROR;
				CLANG_WARN_QUOTED_INCLUDE_IN_FRAMEWORK_HEADER = YES;
				CLANG_WARN_RANGE_LOOP_ANALYSIS = YES;
				CLANG_WARN_STRICT_PROTOTYPES = YES;
				CLANG_WARN_SUSPICIOUS_MOVE = YES;
				CLANG_WARN_UNGUARDED_AVAILABILITY = YES_AGGRESSIVE;
				CLANG_WARN_UNREACHABLE_CODE = YES;
				CLANG_WARN__DUPLICATE_METHOD_MATCH = YES;
				COPY_PHASE_STRIP = NO;
				DEBUG_INFORMATION_FORMAT = dwarf;
				ENABLE_STRICT_OBJC_MSGSEND = YES;
				ENABLE_TESTABILITY = YES;
				GCC_C_LANGUAGE_STANDARD = gnu11;
				GCC_DYNAMIC_NO_PIC = NO;
				GCC_NO_COMMON_BLOCKS = YES;
				GCC_OPTIMIZATION_LEVEL = 0;
				GCC_PREPROCESSOR_DEFINITIONS = (
					"DEBUG=1",
					"$(inherited)",
				);
				GCC_WARN_64_TO_32_BIT_CONVERSION = YES;
				GCC_WARN_ABOUT_RETURN_TYPE = YES_ERROR;
				GCC_WARN_UNDECLARED_SELECTOR = YES;
				GCC_WARN_UNINITIALIZED_AUTOS = YES_AGGRESSIVE;
				GCC_WARN_UNUSED_FUNCTION = YES;
				GCC_WARN_UNUSED_VARIABLE = YES;
				IPHONEOS_DEPLOYMENT_TARGET = 14.0;
				MTL_ENABLE_DEBUG_INFO = INCLUDE_SOURCE;
				MTL_FAST_MATH = YES;
				ONLY_ACTIVE_ARCH = YES;
				SDKROOT = iphoneos;
				SWIFT_ACTIVE_COMPILATION_CONDITIONS = DEBUG;
				SWIFT_OPTIMIZATION_LEVEL = "-Onone";
			};
			name = Debug;
		};
		ED0AE7CA2937E5930091EE70 /* Release */ = {
			isa = XCBuildConfiguration;
			buildSettings = {
				ALWAYS_SEARCH_USER_PATHS = NO;
				CLANG_ANALYZER_NONNULL = YES;
				CLANG_ANALYZER_NUMBER_OBJECT_CONVERSION = YES_AGGRESSIVE;
				CLANG_CXX_LANGUAGE_STANDARD = "gnu++20";
				CLANG_ENABLE_MODULES = YES;
				CLANG_ENABLE_OBJC_ARC = YES;
				CLANG_ENABLE_OBJC_WEAK = YES;
				CLANG_WARN_BLOCK_CAPTURE_AUTORELEASING = YES;
				CLANG_WARN_BOOL_CONVERSION = YES;
				CLANG_WARN_COMMA = YES;
				CLANG_WARN_CONSTANT_CONVERSION = YES;
				CLANG_WARN_DEPRECATED_OBJC_IMPLEMENTATIONS = YES;
				CLANG_WARN_DIRECT_OBJC_ISA_USAGE = YES_ERROR;
				CLANG_WARN_DOCUMENTATION_COMMENTS = YES;
				CLANG_WARN_EMPTY_BODY = YES;
				CLANG_WARN_ENUM_CONVERSION = YES;
				CLANG_WARN_INFINITE_RECURSION = YES;
				CLANG_WARN_INT_CONVERSION = YES;
				CLANG_WARN_NON_LITERAL_NULL_CONVERSION = YES;
				CLANG_WARN_OBJC_IMPLICIT_RETAIN_SELF = YES;
				CLANG_WARN_OBJC_LITERAL_CONVERSION = YES;
				CLANG_WARN_OBJC_ROOT_CLASS = YES_ERROR;
				CLANG_WARN_QUOTED_INCLUDE_IN_FRAMEWORK_HEADER = YES;
				CLANG_WARN_RANGE_LOOP_ANALYSIS = YES;
				CLANG_WARN_STRICT_PROTOTYPES = YES;
				CLANG_WARN_SUSPICIOUS_MOVE = YES;
				CLANG_WARN_UNGUARDED_AVAILABILITY = YES_AGGRESSIVE;
				CLANG_WARN_UNREACHABLE_CODE = YES;
				CLANG_WARN__DUPLICATE_METHOD_MATCH = YES;
				COPY_PHASE_STRIP = NO;
				DEBUG_INFORMATION_FORMAT = "dwarf-with-dsym";
				ENABLE_NS_ASSERTIONS = NO;
				ENABLE_STRICT_OBJC_MSGSEND = YES;
				GCC_C_LANGUAGE_STANDARD = gnu11;
				GCC_NO_COMMON_BLOCKS = YES;
				GCC_WARN_64_TO_32_BIT_CONVERSION = YES;
				GCC_WARN_ABOUT_RETURN_TYPE = YES_ERROR;
				GCC_WARN_UNDECLARED_SELECTOR = YES;
				GCC_WARN_UNINITIALIZED_AUTOS = YES_AGGRESSIVE;
				GCC_WARN_UNUSED_FUNCTION = YES;
				GCC_WARN_UNUSED_VARIABLE = YES;
				IPHONEOS_DEPLOYMENT_TARGET = 14.0;
				MTL_ENABLE_DEBUG_INFO = NO;
				MTL_FAST_MATH = YES;
				SDKROOT = iphoneos;
				SWIFT_COMPILATION_MODE = wholemodule;
				SWIFT_OPTIMIZATION_LEVEL = "-O";
				VALIDATE_PRODUCT = YES;
			};
			name = Release;
		};
		ED0AE7CC2937E5930091EE70 /* Debug */ = {
			isa = XCBuildConfiguration;
			buildSettings = {
				ASSETCATALOG_COMPILER_APPICON_NAME = AppIcon;
				ASSETCATALOG_COMPILER_GLOBAL_ACCENT_COLOR_NAME = AccentColor;
				CODE_SIGN_STYLE = Automatic;
				CURRENT_PROJECT_VERSION = 1;
				DEVELOPMENT_ASSET_PATHS = "\"OTUSHomeworks/Preview Content\"";
				DEVELOPMENT_TEAM = PY9TWBV6RF;
				ENABLE_PREVIEWS = YES;
				GENERATE_INFOPLIST_FILE = YES;
				INFOPLIST_KEY_UIApplicationSceneManifest_Generation = YES;
				INFOPLIST_KEY_UIApplicationSupportsIndirectInputEvents = YES;
				INFOPLIST_KEY_UILaunchScreen_Generation = YES;
				INFOPLIST_KEY_UISupportedInterfaceOrientations_iPad = "UIInterfaceOrientationPortrait UIInterfaceOrientationPortraitUpsideDown UIInterfaceOrientationLandscapeLeft UIInterfaceOrientationLandscapeRight";
				INFOPLIST_KEY_UISupportedInterfaceOrientations_iPhone = "UIInterfaceOrientationPortrait UIInterfaceOrientationLandscapeLeft UIInterfaceOrientationLandscapeRight";
				IPHONEOS_DEPLOYMENT_TARGET = 14.0;
				LD_RUNPATH_SEARCH_PATHS = (
					"$(inherited)",
					"@executable_path/Frameworks",
				);
				MARKETING_VERSION = 1.0;
				PRODUCT_BUNDLE_IDENTIFIER = com.yourcompany.OTUSHomeworks;
				PRODUCT_NAME = "$(TARGET_NAME)";
				SWIFT_EMIT_LOC_STRINGS = YES;
				SWIFT_VERSION = 5.0;
				TARGETED_DEVICE_FAMILY = "1,2";
			};
			name = Debug;
		};
		ED0AE7CD2937E5930091EE70 /* Release */ = {
			isa = XCBuildConfiguration;
			buildSettings = {
				ASSETCATALOG_COMPILER_APPICON_NAME = AppIcon;
				ASSETCATALOG_COMPILER_GLOBAL_ACCENT_COLOR_NAME = AccentColor;
				CODE_SIGN_STYLE = Automatic;
				CURRENT_PROJECT_VERSION = 1;
				DEVELOPMENT_ASSET_PATHS = "\"OTUSHomeworks/Preview Content\"";
				DEVELOPMENT_TEAM = PY9TWBV6RF;
				ENABLE_PREVIEWS = YES;
				GENERATE_INFOPLIST_FILE = YES;
				INFOPLIST_KEY_UIApplicationSceneManifest_Generation = YES;
				INFOPLIST_KEY_UIApplicationSupportsIndirectInputEvents = YES;
				INFOPLIST_KEY_UILaunchScreen_Generation = YES;
				INFOPLIST_KEY_UISupportedInterfaceOrientations_iPad = "UIInterfaceOrientationPortrait UIInterfaceOrientationPortraitUpsideDown UIInterfaceOrientationLandscapeLeft UIInterfaceOrientationLandscapeRight";
				INFOPLIST_KEY_UISupportedInterfaceOrientations_iPhone = "UIInterfaceOrientationPortrait UIInterfaceOrientationLandscapeLeft UIInterfaceOrientationLandscapeRight";
				IPHONEOS_DEPLOYMENT_TARGET = 14.0;
				LD_RUNPATH_SEARCH_PATHS = (
					"$(inherited)",
					"@executable_path/Frameworks",
				);
				MARKETING_VERSION = 1.0;
				PRODUCT_BUNDLE_IDENTIFIER = com.yourcompany.OTUSHomeworks;
				PRODUCT_NAME = "$(TARGET_NAME)";
				SWIFT_EMIT_LOC_STRINGS = YES;
				SWIFT_VERSION = 5.0;
				TARGETED_DEVICE_FAMILY = "1,2";
			};
			name = Release;
		};
/* End XCBuildConfiguration section */

/* Begin XCConfigurationList section */
		ED0AE7B82937E5910091EE70 /* Build configuration list for PBXProject "OTUSHomeworks" */ = {
			isa = XCConfigurationList;
			buildConfigurations = (
				ED0AE7C92937E5930091EE70 /* Debug */,
				ED0AE7CA2937E5930091EE70 /* Release */,
			);
			defaultConfigurationIsVisible = 0;
			defaultConfigurationName = Release;
		};
		ED0AE7CB2937E5930091EE70 /* Build configuration list for PBXNativeTarget "OTUSHomeworks" */ = {
			isa = XCConfigurationList;
			buildConfigurations = (
				ED0AE7CC2937E5930091EE70 /* Debug */,
				ED0AE7CD2937E5930091EE70 /* Release */,
			);
			defaultConfigurationIsVisible = 0;
			defaultConfigurationName = Release;
		};
/* End XCConfigurationList section */
	};
	rootObject = ED0AE7B52937E5910091EE70 /* Project object */;
}
